<?xml version="1.0" encoding="utf-8"?>
<Project ToolsVersion="4.0" xmlns="http://schemas.microsoft.com/developer/msbuild/2003">
  <ItemGroup>
    <Filter Include="Source Files">
      <UniqueIdentifier>{7e21672f-8037-478b-8291-be6ed2781002}</UniqueIdentifier>
      <Extensions>cpp;c;cxx;rc;def;r;odl;idl;hpj;bat</Extensions>
    </Filter>
    <Filter Include="Header Files">
      <UniqueIdentifier>{ce1775c9-9904-4d74-a643-7677439851b3}</UniqueIdentifier>
      <Extensions>h;hpp;hxx;hm;inl</Extensions>
    </Filter>
    <Filter Include="Resource Files">
      <UniqueIdentifier>{3ce3b873-1253-4bbf-a7a1-1ab48fbcb4d1}</UniqueIdentifier>
      <Extensions>ico;cur;bmp;dlg;rc2;rct;bin;rgs;gif;jpg;jpeg;jpe</Extensions>
    </Filter>
  </ItemGroup>
  <ItemGroup>
    <ClCompile Include="dshow.cpp">
      <Filter>Source Files</Filter>
    </ClCompile>
    <ClCompile Include="GRAPH.CPP">
      <Filter>Source Files</Filter>
    </ClCompile>
    <ClCompile Include="INPUT.CPP">
      <Filter>Source Files</Filter>
    </ClCompile>
    <ClCompile Include="yony.cpp">
      <Filter>Source Files</Filter>
    </ClCompile>
    <ClCompile Include="YonyDlg.cpp">
      <Filter>Source Files</Filter>
    </ClCompile>
    <ClCompile Include="sound.cpp">
      <Filter>Source Files</Filter>
    </ClCompile>
    <ClCompile Include="StdAfx.cpp">
      <Filter>Source Files</Filter>
    </ClCompile>
    <ClCompile Include="trapkeys.cpp">
      <Filter>Source Files</Filter>
    </ClCompile>
  </ItemGroup>
  <ItemGroup>
    <ResourceCompile Include="yony.rc">
      <Filter>Source Files</Filter>
    </ResourceCompile>
  </ItemGroup>
  <ItemGroup>
    <ClInclude Include="dshow.h">
      <Filter>Header Files</Filter>
    </ClInclude>
    <ClInclude Include="GRAPH.H">
      <Filter>Header Files</Filter>
    </ClInclude>
    <ClInclude Include="INPUT.H">
      <Filter>Header Files</Filter>
    </ClInclude>
    <ClInclude Include="yony.h">
      <Filter>Header Files</Filter>
    </ClInclude>
    <ClInclude Include="yonyDlg.h">
      <Filter>Header Files</Filter>
    </ClInclude>
    <ClInclude Include="Resource.h">
      <Filter>Header Files</Filter>
    </ClInclude>
    <ClInclude Include="sound.h">
      <Filter>Header Files</Filter>
    </ClInclude>
    <ClInclude Include="StdAfx.h">
      <Filter>Header Files</Filter>
    </ClInclude>
    <ClInclude Include="trapkeys.h">
      <Filter>Header Files</Filter>
    </ClInclude>
  </ItemGroup>
  <ItemGroup>
    <Image Include="birkoni.ico">
      <Filter>Resource Files</Filter>
    </Image>
    <Image Include="res\icon1.ico">
      <Filter>Resource Files</Filter>
    </Image>
    <Image Include="res\mouse scroller ready GO.bmp">
      <Filter>Resource Files</Filter>
    </Image>
    <Image Include="res\packman.ico">
      <Filter>Resource Files</Filter>
    </Image>
  </ItemGroup>
  <ItemGroup>
    <None Include="res\cursor1.cur">
      <Filter>Resource Files</Filter>
    </None>
    <None Include="res\packman.rc2">
      <Filter>Resource Files</Filter>
    </None>
  </ItemGroup>
</Project>